
Microsoft Visual Studio Solution File, Format Version 12.00
# Visual Studio Version 17
VisualStudioVersion = 17.5.002.0
MinimumVisualStudioVersion = 10.0.40219.1
Project("{9A19103F-16F7-4668-BE54-9A1E7A4F7556}") = ".Net", ".Net.csproj", "{E9FD4C34-BDF6-4A43-A80C-61CB4FFD1643}"
EndProject
Global
	GlobalSection(SolutionConfigurationPlatforms) = preSolution
		Debug|Any CPU = Debug|Any CPU
		Release|Any CPU = Release|Any CPU
	EndGlobalSection
	GlobalSection(ProjectConfigurationPlatforms) = postSolution
		{E9FD4C34-BDF6-4A43-A80C-61CB4FFD1643}.Debug|Any CPU.ActiveCfg = Debug|Any CPU
		{E9FD4C34-BDF6-4A43-A80C-61CB4FFD1643}.Debug|Any CPU.Build.0 = Debug|Any CPU
		{E9FD4C34-BDF6-4A43-A80C-61CB4FFD1643}.Release|Any CPU.ActiveCfg = Release|Any CPU
		{E9FD4C34-BDF6-4A43-A80C-61CB4FFD1643}.Release|Any CPU.Build.0 = Release|Any CPU
	EndGlobalSection
	GlobalSection(SolutionProperties) = preSolution
		HideSolutionNode = FALSE
	EndGlobalSection
	GlobalSection(ExtensibilityGlobals) = postSolution
		SolutionGuid = {7CC561DC-C2B5-4F17-A100-5E408CE18882}
	EndGlobalSection
EndGlobal
